
Microsoft Visual Studio Solution File, Format Version 12.00
# Visual Studio 2012
Project("{8BC9CEB8-8B4A-11D0-8D11-00A0C91BC942}") = "KB06", "KB06.vcxproj", "{DBEE094B-1E76-4FDD-9E12-D12D3F58C20E}"
EndProject
Global
	GlobalSection(SolutionConfigurationPlatforms) = preSolution
		Debug|Win32 = Debug|Win32
		Release|Win32 = Release|Win32
	EndGlobalSection
	GlobalSection(ProjectConfigurationPlatforms) = postSolution
		{DBEE094B-1E76-4FDD-9E12-D12D3F58C20E}.Debug|Win32.ActiveCfg = Debug|Win32
		{DBEE094B-1E76-4FDD-9E12-D12D3F58C20E}.Debug|Win32.Build.0 = Debug|Win32
		{DBEE094B-1E76-4FDD-9E12-D12D3F58C20E}.Release|Win32.ActiveCfg = Release|Win32
		{DBEE094B-1E76-4FDD-9E12-D12D3F58C20E}.Release|Win32.Build.0 = Release|Win32
	EndGlobalSection
	GlobalSection(SolutionProperties) = preSolution
		HideSolutionNode = FALSE
	EndGlobalSection
EndGlobal
